
Microsoft Visual Studio Solution File, Format Version 12.00
# Visual Studio 15
VisualStudioVersion = 15.0.26124.0
MinimumVisualStudioVersion = 15.0.26124.0
Project("{2150E333-8FDC-42A3-9474-1A3956D46DE8}") = "api-gateway", "api-gateway", "{31AA6927-FCDA-4A00-8162-8D9CE33B9075}"
EndProject
Project("{2150E333-8FDC-42A3-9474-1A3956D46DE8}") = "src", "src", "{FC870D9F-086F-4921-BB94-C4AEA3DE2638}"
EndProject
Project("{FAE04EC0-301F-11D3-BF4B-00C04F79EFBC}") = "contracts", "api-gateway\src\contracts\contracts.csproj", "{F832A37E-1682-424D-B204-76125F850D98}"
EndProject
Project("{FAE04EC0-301F-11D3-BF4B-00C04F79EFBC}") = "service", "api-gateway\src\service\service.csproj", "{45370BAA-954B-4ECA-888E-627CCD30AD55}"
EndProject
Project("{2150E333-8FDC-42A3-9474-1A3956D46DE8}") = "backup-manager", "backup-manager", "{226349DF-EC52-4FDF-80C6-67D174C97F12}"
EndProject
Project("{2150E333-8FDC-42A3-9474-1A3956D46DE8}") = "src", "src", "{C38CC2FC-D884-4D49-964E-5C443E4BD702}"
EndProject
Project("{FAE04EC0-301F-11D3-BF4B-00C04F79EFBC}") = "client", "backup-manager\src\client\client.csproj", "{AA02CD7F-7F23-4926-9C9E-E4E8514BECAC}"
EndProject
Project("{FAE04EC0-301F-11D3-BF4B-00C04F79EFBC}") = "contracts", "backup-manager\src\contracts\contracts.csproj", "{A6D27F03-79A0-4C4E-96C0-7FB36ACEFCD4}"
EndProject
Project("{FAE04EC0-301F-11D3-BF4B-00C04F79EFBC}") = "service", "backup-manager\src\service\service.csproj", "{C9ED4AE4-9453-48C4-8B03-F3E5B9F9A018}"
EndProject
Project("{2150E333-8FDC-42A3-9474-1A3956D46DE8}") = "server-operator", "server-operator", "{151D788E-DA52-4747-AB4D-7F442BD35F52}"
EndProject
Project("{2150E333-8FDC-42A3-9474-1A3956D46DE8}") = "src", "src", "{D4A5F4F9-815D-45C5-A1E2-677BCCD3C6E1}"
EndProject
Project("{FAE04EC0-301F-11D3-BF4B-00C04F79EFBC}") = "client", "server-operator\src\client\client.csproj", "{885BB546-A05F-4525-B3FC-F21808FF229C}"
EndProject
Project("{FAE04EC0-301F-11D3-BF4B-00C04F79EFBC}") = "service", "server-operator\src\service\service.csproj", "{5682A201-E29E-4CA5-A4B9-C510939FCA84}"
EndProject
Project("{2150E333-8FDC-42A3-9474-1A3956D46DE8}") = "shared", "shared", "{BF60EA4E-5D7F-4065-BB1B-F2A171D49C43}"
EndProject
Project("{FAE04EC0-301F-11D3-BF4B-00C04F79EFBC}") = "shared", "shared\src\shared.csproj", "{E857BE7A-E8E8-49C6-BFE4-D0603735991C}"
EndProject
Global
	GlobalSection(SolutionConfigurationPlatforms) = preSolution
		Debug|Any CPU = Debug|Any CPU
		Debug|x64 = Debug|x64
		Debug|x86 = Debug|x86
		Release|Any CPU = Release|Any CPU
		Release|x64 = Release|x64
		Release|x86 = Release|x86
	EndGlobalSection
	GlobalSection(SolutionProperties) = preSolution
		HideSolutionNode = FALSE
	EndGlobalSection
	GlobalSection(ProjectConfigurationPlatforms) = postSolution
		{F832A37E-1682-424D-B204-76125F850D98}.Debug|Any CPU.ActiveCfg = Debug|Any CPU
		{F832A37E-1682-424D-B204-76125F850D98}.Debug|Any CPU.Build.0 = Debug|Any CPU
		{F832A37E-1682-424D-B204-76125F850D98}.Debug|x64.ActiveCfg = Debug|Any CPU
		{F832A37E-1682-424D-B204-76125F850D98}.Debug|x64.Build.0 = Debug|Any CPU
		{F832A37E-1682-424D-B204-76125F850D98}.Debug|x86.ActiveCfg = Debug|Any CPU
		{F832A37E-1682-424D-B204-76125F850D98}.Debug|x86.Build.0 = Debug|Any CPU
		{F832A37E-1682-424D-B204-76125F850D98}.Release|Any CPU.ActiveCfg = Release|Any CPU
		{F832A37E-1682-424D-B204-76125F850D98}.Release|Any CPU.Build.0 = Release|Any CPU
		{F832A37E-1682-424D-B204-76125F850D98}.Release|x64.ActiveCfg = Release|Any CPU
		{F832A37E-1682-424D-B204-76125F850D98}.Release|x64.Build.0 = Release|Any CPU
		{F832A37E-1682-424D-B204-76125F850D98}.Release|x86.ActiveCfg = Release|Any CPU
		{F832A37E-1682-424D-B204-76125F850D98}.Release|x86.Build.0 = Release|Any CPU
		{45370BAA-954B-4ECA-888E-627CCD30AD55}.Debug|Any CPU.ActiveCfg = Debug|Any CPU
		{45370BAA-954B-4ECA-888E-627CCD30AD55}.Debug|Any CPU.Build.0 = Debug|Any CPU
		{45370BAA-954B-4ECA-888E-627CCD30AD55}.Debug|x64.ActiveCfg = Debug|Any CPU
		{45370BAA-954B-4ECA-888E-627CCD30AD55}.Debug|x64.Build.0 = Debug|Any CPU
		{45370BAA-954B-4ECA-888E-627CCD30AD55}.Debug|x86.ActiveCfg = Debug|Any CPU
		{45370BAA-954B-4ECA-888E-627CCD30AD55}.Debug|x86.Build.0 = Debug|Any CPU
		{45370BAA-954B-4ECA-888E-627CCD30AD55}.Release|Any CPU.ActiveCfg = Release|Any CPU
		{45370BAA-954B-4ECA-888E-627CCD30AD55}.Release|Any CPU.Build.0 = Release|Any CPU
		{45370BAA-954B-4ECA-888E-627CCD30AD55}.Release|x64.ActiveCfg = Release|Any CPU
		{45370BAA-954B-4ECA-888E-627CCD30AD55}.Release|x64.Build.0 = Release|Any CPU
		{45370BAA-954B-4ECA-888E-627CCD30AD55}.Release|x86.ActiveCfg = Release|Any CPU
		{45370BAA-954B-4ECA-888E-627CCD30AD55}.Release|x86.Build.0 = Release|Any CPU
		{AA02CD7F-7F23-4926-9C9E-E4E8514BECAC}.Debug|Any CPU.ActiveCfg = Debug|Any CPU
		{AA02CD7F-7F23-4926-9C9E-E4E8514BECAC}.Debug|Any CPU.Build.0 = Debug|Any CPU
		{AA02CD7F-7F23-4926-9C9E-E4E8514BECAC}.Debug|x64.ActiveCfg = Debug|Any CPU
		{AA02CD7F-7F23-4926-9C9E-E4E8514BECAC}.Debug|x64.Build.0 = Debug|Any CPU
		{AA02CD7F-7F23-4926-9C9E-E4E8514BECAC}.Debug|x86.ActiveCfg = Debug|Any CPU
		{AA02CD7F-7F23-4926-9C9E-E4E8514BECAC}.Debug|x86.Build.0 = Debug|Any CPU
		{AA02CD7F-7F23-4926-9C9E-E4E8514BECAC}.Release|Any CPU.ActiveCfg = Release|Any CPU
		{AA02CD7F-7F23-4926-9C9E-E4E8514BECAC}.Release|Any CPU.Build.0 = Release|Any CPU
		{AA02CD7F-7F23-4926-9C9E-E4E8514BECAC}.Release|x64.ActiveCfg = Release|Any CPU
		{AA02CD7F-7F23-4926-9C9E-E4E8514BECAC}.Release|x64.Build.0 = Release|Any CPU
		{AA02CD7F-7F23-4926-9C9E-E4E8514BECAC}.Release|x86.ActiveCfg = Release|Any CPU
		{AA02CD7F-7F23-4926-9C9E-E4E8514BECAC}.Release|x86.Build.0 = Release|Any CPU
		{A6D27F03-79A0-4C4E-96C0-7FB36ACEFCD4}.Debug|Any CPU.ActiveCfg = Debug|Any CPU
		{A6D27F03-79A0-4C4E-96C0-7FB36ACEFCD4}.Debug|Any CPU.Build.0 = Debug|Any CPU
		{A6D27F03-79A0-4C4E-96C0-7FB36ACEFCD4}.Debug|x64.ActiveCfg = Debug|Any CPU
		{A6D27F03-79A0-4C4E-96C0-7FB36ACEFCD4}.Debug|x64.Build.0 = Debug|Any CPU
		{A6D27F03-79A0-4C4E-96C0-7FB36ACEFCD4}.Debug|x86.ActiveCfg = Debug|Any CPU
		{A6D27F03-79A0-4C4E-96C0-7FB36ACEFCD4}.Debug|x86.Build.0 = Debug|Any CPU
		{A6D27F03-79A0-4C4E-96C0-7FB36ACEFCD4}.Release|Any CPU.ActiveCfg = Release|Any CPU
		{A6D27F03-79A0-4C4E-96C0-7FB36ACEFCD4}.Release|Any CPU.Build.0 = Release|Any CPU
		{A6D27F03-79A0-4C4E-96C0-7FB36ACEFCD4}.Release|x64.ActiveCfg = Release|Any CPU
		{A6D27F03-79A0-4C4E-96C0-7FB36ACEFCD4}.Release|x64.Build.0 = Release|Any CPU
		{A6D27F03-79A0-4C4E-96C0-7FB36ACEFCD4}.Release|x86.ActiveCfg = Release|Any CPU
		{A6D27F03-79A0-4C4E-96C0-7FB36ACEFCD4}.Release|x86.Build.0 = Release|Any CPU
		{C9ED4AE4-9453-48C4-8B03-F3E5B9F9A018}.Debug|Any CPU.ActiveCfg = Debug|Any CPU
		{C9ED4AE4-9453-48C4-8B03-F3E5B9F9A018}.Debug|Any CPU.Build.0 = Debug|Any CPU
		{C9ED4AE4-9453-48C4-8B03-F3E5B9F9A018}.Debug|x64.ActiveCfg = Debug|Any CPU
		{C9ED4AE4-9453-48C4-8B03-F3E5B9F9A018}.Debug|x64.Build.0 = Debug|Any CPU
		{C9ED4AE4-9453-48C4-8B03-F3E5B9F9A018}.Debug|x86.ActiveCfg = Debug|Any CPU
		{C9ED4AE4-9453-48C4-8B03-F3E5B9F9A018}.Debug|x86.Build.0 = Debug|Any CPU
		{C9ED4AE4-9453-48C4-8B03-F3E5B9F9A018}.Release|Any CPU.ActiveCfg = Release|Any CPU
		{C9ED4AE4-9453-48C4-8B03-F3E5B9F9A018}.Release|Any CPU.Build.0 = Release|Any CPU
		{C9ED4AE4-9453-48C4-8B03-F3E5B9F9A018}.Release|x64.ActiveCfg = Release|Any CPU
		{C9ED4AE4-9453-48C4-8B03-F3E5B9F9A018}.Release|x64.Build.0 = Release|Any CPU
		{C9ED4AE4-9453-48C4-8B03-F3E5B9F9A018}.Release|x86.ActiveCfg = Release|Any CPU
		{C9ED4AE4-9453-48C4-8B03-F3E5B9F9A018}.Release|x86.Build.0 = Release|Any CPU
		{885BB546-A05F-4525-B3FC-F21808FF229C}.Debug|Any CPU.ActiveCfg = Debug|Any CPU
		{885BB546-A05F-4525-B3FC-F21808FF229C}.Debug|Any CPU.Build.0 = Debug|Any CPU
		{885BB546-A05F-4525-B3FC-F21808FF229C}.Debug|x64.ActiveCfg = Debug|Any CPU
		{885BB546-A05F-4525-B3FC-F21808FF229C}.Debug|x64.Build.0 = Debug|Any CPU
		{885BB546-A05F-4525-B3FC-F21808FF229C}.Debug|x86.ActiveCfg = Debug|Any CPU
		{885BB546-A05F-4525-B3FC-F21808FF229C}.Debug|x86.Build.0 = Debug|Any CPU
		{885BB546-A05F-4525-B3FC-F21808FF229C}.Release|Any CPU.ActiveCfg = Release|Any CPU
		{885BB546-A05F-4525-B3FC-F21808FF229C}.Release|Any CPU.Build.0 = Release|Any CPU
		{885BB546-A05F-4525-B3FC-F21808FF229C}.Release|x64.ActiveCfg = Release|Any CPU
		{885BB546-A05F-4525-B3FC-F21808FF229C}.Release|x64.Build.0 = Release|Any CPU
		{885BB546-A05F-4525-B3FC-F21808FF229C}.Release|x86.ActiveCfg = Release|Any CPU
		{885BB546-A05F-4525-B3FC-F21808FF229C}.Release|x86.Build.0 = Release|Any CPU
		{5682A201-E29E-4CA5-A4B9-C510939FCA84}.Debug|Any CPU.ActiveCfg = Debug|Any CPU
		{5682A201-E29E-4CA5-A4B9-C510939FCA84}.Debug|Any CPU.Build.0 = Debug|Any CPU
		{5682A201-E29E-4CA5-A4B9-C510939FCA84}.Debug|x64.ActiveCfg = Debug|Any CPU
		{5682A201-E29E-4CA5-A4B9-C510939FCA84}.Debug|x64.Build.0 = Debug|Any CPU
		{5682A201-E29E-4CA5-A4B9-C510939FCA84}.Debug|x86.ActiveCfg = Debug|Any CPU
		{5682A201-E29E-4CA5-A4B9-C510939FCA84}.Debug|x86.Build.0 = Debug|Any CPU
		{5682A201-E29E-4CA5-A4B9-C510939FCA84}.Release|Any CPU.ActiveCfg = Release|Any CPU
		{5682A201-E29E-4CA5-A4B9-C510939FCA84}.Release|Any CPU.Build.0 = Release|Any CPU
		{5682A201-E29E-4CA5-A4B9-C510939FCA84}.Release|x64.ActiveCfg = Release|Any CPU
		{5682A201-E29E-4CA5-A4B9-C510939FCA84}.Release|x64.Build.0 = Release|Any CPU
		{5682A201-E29E-4CA5-A4B9-C510939FCA84}.Release|x86.ActiveCfg = Release|Any CPU
		{5682A201-E29E-4CA5-A4B9-C510939FCA84}.Release|x86.Build.0 = Release|Any CPU
		{E857BE7A-E8E8-49C6-BFE4-D0603735991C}.Debug|Any CPU.ActiveCfg = Debug|Any CPU
		{E857BE7A-E8E8-49C6-BFE4-D0603735991C}.Debug|Any CPU.Build.0 = Debug|Any CPU
		{E857BE7A-E8E8-49C6-BFE4-D0603735991C}.Debug|x64.ActiveCfg = Debug|Any CPU
		{E857BE7A-E8E8-49C6-BFE4-D0603735991C}.Debug|x64.Build.0 = Debug|Any CPU
		{E857BE7A-E8E8-49C6-BFE4-D0603735991C}.Debug|x86.ActiveCfg = Debug|Any CPU
		{E857BE7A-E8E8-49C6-BFE4-D0603735991C}.Debug|x86.Build.0 = Debug|Any CPU
		{E857BE7A-E8E8-49C6-BFE4-D0603735991C}.Release|Any CPU.ActiveCfg = Release|Any CPU
		{E857BE7A-E8E8-49C6-BFE4-D0603735991C}.Release|Any CPU.Build.0 = Release|Any CPU
		{E857BE7A-E8E8-49C6-BFE4-D0603735991C}.Release|x64.ActiveCfg = Release|Any CPU
		{E857BE7A-E8E8-49C6-BFE4-D0603735991C}.Release|x64.Build.0 = Release|Any CPU
		{E857BE7A-E8E8-49C6-BFE4-D0603735991C}.Release|x86.ActiveCfg = Release|Any CPU
		{E857BE7A-E8E8-49C6-BFE4-D0603735991C}.Release|x86.Build.0 = Release|Any CPU
	EndGlobalSection
	GlobalSection(NestedProjects) = preSolution
		{FC870D9F-086F-4921-BB94-C4AEA3DE2638} = {31AA6927-FCDA-4A00-8162-8D9CE33B9075}
		{F832A37E-1682-424D-B204-76125F850D98} = {FC870D9F-086F-4921-BB94-C4AEA3DE2638}
		{45370BAA-954B-4ECA-888E-627CCD30AD55} = {FC870D9F-086F-4921-BB94-C4AEA3DE2638}
		{C38CC2FC-D884-4D49-964E-5C443E4BD702} = {226349DF-EC52-4FDF-80C6-67D174C97F12}
		{AA02CD7F-7F23-4926-9C9E-E4E8514BECAC} = {C38CC2FC-D884-4D49-964E-5C443E4BD702}
		{A6D27F03-79A0-4C4E-96C0-7FB36ACEFCD4} = {C38CC2FC-D884-4D49-964E-5C443E4BD702}
		{C9ED4AE4-9453-48C4-8B03-F3E5B9F9A018} = {C38CC2FC-D884-4D49-964E-5C443E4BD702}
		{D4A5F4F9-815D-45C5-A1E2-677BCCD3C6E1} = {151D788E-DA52-4747-AB4D-7F442BD35F52}
		{885BB546-A05F-4525-B3FC-F21808FF229C} = {D4A5F4F9-815D-45C5-A1E2-677BCCD3C6E1}
		{5682A201-E29E-4CA5-A4B9-C510939FCA84} = {D4A5F4F9-815D-45C5-A1E2-677BCCD3C6E1}
		{E857BE7A-E8E8-49C6-BFE4-D0603735991C} = {BF60EA4E-5D7F-4065-BB1B-F2A171D49C43}
	EndGlobalSection
EndGlobal
