
Microsoft Visual Studio Solution File, Format Version 12.00
# Visual Studio 15
VisualStudioVersion = 15.0.26124.0
MinimumVisualStudioVersion = 15.0.26124.0
Project("{2150E333-8FDC-42A3-9474-1A3956D46DE8}") = "api-gateway", "api-gateway", "{DA3CF0D9-856C-47A3-A6E0-36EE430C66DA}"
EndProject
Project("{2150E333-8FDC-42A3-9474-1A3956D46DE8}") = "src", "src", "{3DCDA3A0-67B2-4458-972F-B12F137566E9}"
EndProject
Project("{FAE04EC0-301F-11D3-BF4B-00C04F79EFBC}") = "contracts", "api-gateway\src\contracts\contracts.csproj", "{F6EFC797-B5CC-4643-9499-271A91519F39}"
EndProject
Project("{FAE04EC0-301F-11D3-BF4B-00C04F79EFBC}") = "service", "api-gateway\src\service\service.csproj", "{CCC4F0E6-BAE5-4B13-A164-9BC5E3388379}"
EndProject
Project("{2150E333-8FDC-42A3-9474-1A3956D46DE8}") = "backup-manager", "backup-manager", "{A98838D7-97A5-4BEB-98F3-B2A803B91AFF}"
EndProject
Project("{2150E333-8FDC-42A3-9474-1A3956D46DE8}") = "src", "src", "{DE8D459E-2AB3-425C-A389-DD0DC94AABAF}"
EndProject
Project("{FAE04EC0-301F-11D3-BF4B-00C04F79EFBC}") = "client", "backup-manager\src\client\client.csproj", "{39EAFC01-E572-400C-AE54-190B153352AF}"
EndProject
Project("{FAE04EC0-301F-11D3-BF4B-00C04F79EFBC}") = "contracts", "backup-manager\src\contracts\contracts.csproj", "{0BE73952-C4F2-422E-8E2F-C4F7546BC931}"
EndProject
Project("{FAE04EC0-301F-11D3-BF4B-00C04F79EFBC}") = "service", "backup-manager\src\service\service.csproj", "{67FFA5A3-33D1-4548-9DD5-D43E23B0D4B8}"
EndProject
Project("{2150E333-8FDC-42A3-9474-1A3956D46DE8}") = "server-conductor", "server-conductor", "{C10BAB0F-DFD9-4EA5-A9FE-5A0EB26E32BC}"
EndProject
Project("{2150E333-8FDC-42A3-9474-1A3956D46DE8}") = "src", "src", "{FB8C55B5-9A60-4F29-9076-1F2331281906}"
EndProject
Project("{FAE04EC0-301F-11D3-BF4B-00C04F79EFBC}") = "client", "server-conductor\src\client\client.csproj", "{E04575C6-125A-4C86-923A-FCD8C2D2219C}"
EndProject
Project("{FAE04EC0-301F-11D3-BF4B-00C04F79EFBC}") = "service", "server-conductor\src\service\service.csproj", "{208A7AF2-FB69-4E57-8636-22FE11FE1CB4}"
EndProject
Project("{2150E333-8FDC-42A3-9474-1A3956D46DE8}") = "server-operator", "server-operator", "{B829FAE5-2E2A-4917-A3F6-DB79760F25C9}"
EndProject
Project("{2150E333-8FDC-42A3-9474-1A3956D46DE8}") = "src", "src", "{2AA9AFF2-879D-45E3-9B19-9530EE23B11A}"
EndProject
Project("{FAE04EC0-301F-11D3-BF4B-00C04F79EFBC}") = "client", "server-operator\src\client\client.csproj", "{B4D59B6F-E9BE-411A-8678-A29BD90CCF9A}"
EndProject
Project("{FAE04EC0-301F-11D3-BF4B-00C04F79EFBC}") = "service", "server-operator\src\service\service.csproj", "{0455991B-B9B0-4102-944A-9AC619BDAAB6}"
EndProject
Project("{2150E333-8FDC-42A3-9474-1A3956D46DE8}") = "shared", "shared", "{8974F9EE-C890-4811-A548-A7DEB4D42647}"
EndProject
Project("{FAE04EC0-301F-11D3-BF4B-00C04F79EFBC}") = "shared", "shared\src\shared.csproj", "{ADEA6C00-1911-467B-958D-0D5A4996D2AC}"
EndProject
Global
	GlobalSection(SolutionConfigurationPlatforms) = preSolution
		Debug|Any CPU = Debug|Any CPU
		Debug|x64 = Debug|x64
		Debug|x86 = Debug|x86
		Release|Any CPU = Release|Any CPU
		Release|x64 = Release|x64
		Release|x86 = Release|x86
	EndGlobalSection
	GlobalSection(SolutionProperties) = preSolution
		HideSolutionNode = FALSE
	EndGlobalSection
	GlobalSection(ProjectConfigurationPlatforms) = postSolution
		{F6EFC797-B5CC-4643-9499-271A91519F39}.Debug|Any CPU.ActiveCfg = Debug|Any CPU
		{F6EFC797-B5CC-4643-9499-271A91519F39}.Debug|Any CPU.Build.0 = Debug|Any CPU
		{F6EFC797-B5CC-4643-9499-271A91519F39}.Debug|x64.ActiveCfg = Debug|Any CPU
		{F6EFC797-B5CC-4643-9499-271A91519F39}.Debug|x64.Build.0 = Debug|Any CPU
		{F6EFC797-B5CC-4643-9499-271A91519F39}.Debug|x86.ActiveCfg = Debug|Any CPU
		{F6EFC797-B5CC-4643-9499-271A91519F39}.Debug|x86.Build.0 = Debug|Any CPU
		{F6EFC797-B5CC-4643-9499-271A91519F39}.Release|Any CPU.ActiveCfg = Release|Any CPU
		{F6EFC797-B5CC-4643-9499-271A91519F39}.Release|Any CPU.Build.0 = Release|Any CPU
		{F6EFC797-B5CC-4643-9499-271A91519F39}.Release|x64.ActiveCfg = Release|Any CPU
		{F6EFC797-B5CC-4643-9499-271A91519F39}.Release|x64.Build.0 = Release|Any CPU
		{F6EFC797-B5CC-4643-9499-271A91519F39}.Release|x86.ActiveCfg = Release|Any CPU
		{F6EFC797-B5CC-4643-9499-271A91519F39}.Release|x86.Build.0 = Release|Any CPU
		{CCC4F0E6-BAE5-4B13-A164-9BC5E3388379}.Debug|Any CPU.ActiveCfg = Debug|Any CPU
		{CCC4F0E6-BAE5-4B13-A164-9BC5E3388379}.Debug|Any CPU.Build.0 = Debug|Any CPU
		{CCC4F0E6-BAE5-4B13-A164-9BC5E3388379}.Debug|x64.ActiveCfg = Debug|Any CPU
		{CCC4F0E6-BAE5-4B13-A164-9BC5E3388379}.Debug|x64.Build.0 = Debug|Any CPU
		{CCC4F0E6-BAE5-4B13-A164-9BC5E3388379}.Debug|x86.ActiveCfg = Debug|Any CPU
		{CCC4F0E6-BAE5-4B13-A164-9BC5E3388379}.Debug|x86.Build.0 = Debug|Any CPU
		{CCC4F0E6-BAE5-4B13-A164-9BC5E3388379}.Release|Any CPU.ActiveCfg = Release|Any CPU
		{CCC4F0E6-BAE5-4B13-A164-9BC5E3388379}.Release|Any CPU.Build.0 = Release|Any CPU
		{CCC4F0E6-BAE5-4B13-A164-9BC5E3388379}.Release|x64.ActiveCfg = Release|Any CPU
		{CCC4F0E6-BAE5-4B13-A164-9BC5E3388379}.Release|x64.Build.0 = Release|Any CPU
		{CCC4F0E6-BAE5-4B13-A164-9BC5E3388379}.Release|x86.ActiveCfg = Release|Any CPU
		{CCC4F0E6-BAE5-4B13-A164-9BC5E3388379}.Release|x86.Build.0 = Release|Any CPU
		{39EAFC01-E572-400C-AE54-190B153352AF}.Debug|Any CPU.ActiveCfg = Debug|Any CPU
		{39EAFC01-E572-400C-AE54-190B153352AF}.Debug|Any CPU.Build.0 = Debug|Any CPU
		{39EAFC01-E572-400C-AE54-190B153352AF}.Debug|x64.ActiveCfg = Debug|Any CPU
		{39EAFC01-E572-400C-AE54-190B153352AF}.Debug|x64.Build.0 = Debug|Any CPU
		{39EAFC01-E572-400C-AE54-190B153352AF}.Debug|x86.ActiveCfg = Debug|Any CPU
		{39EAFC01-E572-400C-AE54-190B153352AF}.Debug|x86.Build.0 = Debug|Any CPU
		{39EAFC01-E572-400C-AE54-190B153352AF}.Release|Any CPU.ActiveCfg = Release|Any CPU
		{39EAFC01-E572-400C-AE54-190B153352AF}.Release|Any CPU.Build.0 = Release|Any CPU
		{39EAFC01-E572-400C-AE54-190B153352AF}.Release|x64.ActiveCfg = Release|Any CPU
		{39EAFC01-E572-400C-AE54-190B153352AF}.Release|x64.Build.0 = Release|Any CPU
		{39EAFC01-E572-400C-AE54-190B153352AF}.Release|x86.ActiveCfg = Release|Any CPU
		{39EAFC01-E572-400C-AE54-190B153352AF}.Release|x86.Build.0 = Release|Any CPU
		{0BE73952-C4F2-422E-8E2F-C4F7546BC931}.Debug|Any CPU.ActiveCfg = Debug|Any CPU
		{0BE73952-C4F2-422E-8E2F-C4F7546BC931}.Debug|Any CPU.Build.0 = Debug|Any CPU
		{0BE73952-C4F2-422E-8E2F-C4F7546BC931}.Debug|x64.ActiveCfg = Debug|Any CPU
		{0BE73952-C4F2-422E-8E2F-C4F7546BC931}.Debug|x64.Build.0 = Debug|Any CPU
		{0BE73952-C4F2-422E-8E2F-C4F7546BC931}.Debug|x86.ActiveCfg = Debug|Any CPU
		{0BE73952-C4F2-422E-8E2F-C4F7546BC931}.Debug|x86.Build.0 = Debug|Any CPU
		{0BE73952-C4F2-422E-8E2F-C4F7546BC931}.Release|Any CPU.ActiveCfg = Release|Any CPU
		{0BE73952-C4F2-422E-8E2F-C4F7546BC931}.Release|Any CPU.Build.0 = Release|Any CPU
		{0BE73952-C4F2-422E-8E2F-C4F7546BC931}.Release|x64.ActiveCfg = Release|Any CPU
		{0BE73952-C4F2-422E-8E2F-C4F7546BC931}.Release|x64.Build.0 = Release|Any CPU
		{0BE73952-C4F2-422E-8E2F-C4F7546BC931}.Release|x86.ActiveCfg = Release|Any CPU
		{0BE73952-C4F2-422E-8E2F-C4F7546BC931}.Release|x86.Build.0 = Release|Any CPU
		{67FFA5A3-33D1-4548-9DD5-D43E23B0D4B8}.Debug|Any CPU.ActiveCfg = Debug|Any CPU
		{67FFA5A3-33D1-4548-9DD5-D43E23B0D4B8}.Debug|Any CPU.Build.0 = Debug|Any CPU
		{67FFA5A3-33D1-4548-9DD5-D43E23B0D4B8}.Debug|x64.ActiveCfg = Debug|Any CPU
		{67FFA5A3-33D1-4548-9DD5-D43E23B0D4B8}.Debug|x64.Build.0 = Debug|Any CPU
		{67FFA5A3-33D1-4548-9DD5-D43E23B0D4B8}.Debug|x86.ActiveCfg = Debug|Any CPU
		{67FFA5A3-33D1-4548-9DD5-D43E23B0D4B8}.Debug|x86.Build.0 = Debug|Any CPU
		{67FFA5A3-33D1-4548-9DD5-D43E23B0D4B8}.Release|Any CPU.ActiveCfg = Release|Any CPU
		{67FFA5A3-33D1-4548-9DD5-D43E23B0D4B8}.Release|Any CPU.Build.0 = Release|Any CPU
		{67FFA5A3-33D1-4548-9DD5-D43E23B0D4B8}.Release|x64.ActiveCfg = Release|Any CPU
		{67FFA5A3-33D1-4548-9DD5-D43E23B0D4B8}.Release|x64.Build.0 = Release|Any CPU
		{67FFA5A3-33D1-4548-9DD5-D43E23B0D4B8}.Release|x86.ActiveCfg = Release|Any CPU
		{67FFA5A3-33D1-4548-9DD5-D43E23B0D4B8}.Release|x86.Build.0 = Release|Any CPU
		{E04575C6-125A-4C86-923A-FCD8C2D2219C}.Debug|Any CPU.ActiveCfg = Debug|Any CPU
		{E04575C6-125A-4C86-923A-FCD8C2D2219C}.Debug|Any CPU.Build.0 = Debug|Any CPU
		{E04575C6-125A-4C86-923A-FCD8C2D2219C}.Debug|x64.ActiveCfg = Debug|Any CPU
		{E04575C6-125A-4C86-923A-FCD8C2D2219C}.Debug|x64.Build.0 = Debug|Any CPU
		{E04575C6-125A-4C86-923A-FCD8C2D2219C}.Debug|x86.ActiveCfg = Debug|Any CPU
		{E04575C6-125A-4C86-923A-FCD8C2D2219C}.Debug|x86.Build.0 = Debug|Any CPU
		{E04575C6-125A-4C86-923A-FCD8C2D2219C}.Release|Any CPU.ActiveCfg = Release|Any CPU
		{E04575C6-125A-4C86-923A-FCD8C2D2219C}.Release|Any CPU.Build.0 = Release|Any CPU
		{E04575C6-125A-4C86-923A-FCD8C2D2219C}.Release|x64.ActiveCfg = Release|Any CPU
		{E04575C6-125A-4C86-923A-FCD8C2D2219C}.Release|x64.Build.0 = Release|Any CPU
		{E04575C6-125A-4C86-923A-FCD8C2D2219C}.Release|x86.ActiveCfg = Release|Any CPU
		{E04575C6-125A-4C86-923A-FCD8C2D2219C}.Release|x86.Build.0 = Release|Any CPU
		{208A7AF2-FB69-4E57-8636-22FE11FE1CB4}.Debug|Any CPU.ActiveCfg = Debug|Any CPU
		{208A7AF2-FB69-4E57-8636-22FE11FE1CB4}.Debug|Any CPU.Build.0 = Debug|Any CPU
		{208A7AF2-FB69-4E57-8636-22FE11FE1CB4}.Debug|x64.ActiveCfg = Debug|Any CPU
		{208A7AF2-FB69-4E57-8636-22FE11FE1CB4}.Debug|x64.Build.0 = Debug|Any CPU
		{208A7AF2-FB69-4E57-8636-22FE11FE1CB4}.Debug|x86.ActiveCfg = Debug|Any CPU
		{208A7AF2-FB69-4E57-8636-22FE11FE1CB4}.Debug|x86.Build.0 = Debug|Any CPU
		{208A7AF2-FB69-4E57-8636-22FE11FE1CB4}.Release|Any CPU.ActiveCfg = Release|Any CPU
		{208A7AF2-FB69-4E57-8636-22FE11FE1CB4}.Release|Any CPU.Build.0 = Release|Any CPU
		{208A7AF2-FB69-4E57-8636-22FE11FE1CB4}.Release|x64.ActiveCfg = Release|Any CPU
		{208A7AF2-FB69-4E57-8636-22FE11FE1CB4}.Release|x64.Build.0 = Release|Any CPU
		{208A7AF2-FB69-4E57-8636-22FE11FE1CB4}.Release|x86.ActiveCfg = Release|Any CPU
		{208A7AF2-FB69-4E57-8636-22FE11FE1CB4}.Release|x86.Build.0 = Release|Any CPU
		{B4D59B6F-E9BE-411A-8678-A29BD90CCF9A}.Debug|Any CPU.ActiveCfg = Debug|Any CPU
		{B4D59B6F-E9BE-411A-8678-A29BD90CCF9A}.Debug|Any CPU.Build.0 = Debug|Any CPU
		{B4D59B6F-E9BE-411A-8678-A29BD90CCF9A}.Debug|x64.ActiveCfg = Debug|Any CPU
		{B4D59B6F-E9BE-411A-8678-A29BD90CCF9A}.Debug|x64.Build.0 = Debug|Any CPU
		{B4D59B6F-E9BE-411A-8678-A29BD90CCF9A}.Debug|x86.ActiveCfg = Debug|Any CPU
		{B4D59B6F-E9BE-411A-8678-A29BD90CCF9A}.Debug|x86.Build.0 = Debug|Any CPU
		{B4D59B6F-E9BE-411A-8678-A29BD90CCF9A}.Release|Any CPU.ActiveCfg = Release|Any CPU
		{B4D59B6F-E9BE-411A-8678-A29BD90CCF9A}.Release|Any CPU.Build.0 = Release|Any CPU
		{B4D59B6F-E9BE-411A-8678-A29BD90CCF9A}.Release|x64.ActiveCfg = Release|Any CPU
		{B4D59B6F-E9BE-411A-8678-A29BD90CCF9A}.Release|x64.Build.0 = Release|Any CPU
		{B4D59B6F-E9BE-411A-8678-A29BD90CCF9A}.Release|x86.ActiveCfg = Release|Any CPU
		{B4D59B6F-E9BE-411A-8678-A29BD90CCF9A}.Release|x86.Build.0 = Release|Any CPU
		{0455991B-B9B0-4102-944A-9AC619BDAAB6}.Debug|Any CPU.ActiveCfg = Debug|Any CPU
		{0455991B-B9B0-4102-944A-9AC619BDAAB6}.Debug|Any CPU.Build.0 = Debug|Any CPU
		{0455991B-B9B0-4102-944A-9AC619BDAAB6}.Debug|x64.ActiveCfg = Debug|Any CPU
		{0455991B-B9B0-4102-944A-9AC619BDAAB6}.Debug|x64.Build.0 = Debug|Any CPU
		{0455991B-B9B0-4102-944A-9AC619BDAAB6}.Debug|x86.ActiveCfg = Debug|Any CPU
		{0455991B-B9B0-4102-944A-9AC619BDAAB6}.Debug|x86.Build.0 = Debug|Any CPU
		{0455991B-B9B0-4102-944A-9AC619BDAAB6}.Release|Any CPU.ActiveCfg = Release|Any CPU
		{0455991B-B9B0-4102-944A-9AC619BDAAB6}.Release|Any CPU.Build.0 = Release|Any CPU
		{0455991B-B9B0-4102-944A-9AC619BDAAB6}.Release|x64.ActiveCfg = Release|Any CPU
		{0455991B-B9B0-4102-944A-9AC619BDAAB6}.Release|x64.Build.0 = Release|Any CPU
		{0455991B-B9B0-4102-944A-9AC619BDAAB6}.Release|x86.ActiveCfg = Release|Any CPU
		{0455991B-B9B0-4102-944A-9AC619BDAAB6}.Release|x86.Build.0 = Release|Any CPU
		{ADEA6C00-1911-467B-958D-0D5A4996D2AC}.Debug|Any CPU.ActiveCfg = Debug|Any CPU
		{ADEA6C00-1911-467B-958D-0D5A4996D2AC}.Debug|Any CPU.Build.0 = Debug|Any CPU
		{ADEA6C00-1911-467B-958D-0D5A4996D2AC}.Debug|x64.ActiveCfg = Debug|Any CPU
		{ADEA6C00-1911-467B-958D-0D5A4996D2AC}.Debug|x64.Build.0 = Debug|Any CPU
		{ADEA6C00-1911-467B-958D-0D5A4996D2AC}.Debug|x86.ActiveCfg = Debug|Any CPU
		{ADEA6C00-1911-467B-958D-0D5A4996D2AC}.Debug|x86.Build.0 = Debug|Any CPU
		{ADEA6C00-1911-467B-958D-0D5A4996D2AC}.Release|Any CPU.ActiveCfg = Release|Any CPU
		{ADEA6C00-1911-467B-958D-0D5A4996D2AC}.Release|Any CPU.Build.0 = Release|Any CPU
		{ADEA6C00-1911-467B-958D-0D5A4996D2AC}.Release|x64.ActiveCfg = Release|Any CPU
		{ADEA6C00-1911-467B-958D-0D5A4996D2AC}.Release|x64.Build.0 = Release|Any CPU
		{ADEA6C00-1911-467B-958D-0D5A4996D2AC}.Release|x86.ActiveCfg = Release|Any CPU
		{ADEA6C00-1911-467B-958D-0D5A4996D2AC}.Release|x86.Build.0 = Release|Any CPU
	EndGlobalSection
	GlobalSection(NestedProjects) = preSolution
		{3DCDA3A0-67B2-4458-972F-B12F137566E9} = {DA3CF0D9-856C-47A3-A6E0-36EE430C66DA}
		{F6EFC797-B5CC-4643-9499-271A91519F39} = {3DCDA3A0-67B2-4458-972F-B12F137566E9}
		{CCC4F0E6-BAE5-4B13-A164-9BC5E3388379} = {3DCDA3A0-67B2-4458-972F-B12F137566E9}
		{DE8D459E-2AB3-425C-A389-DD0DC94AABAF} = {A98838D7-97A5-4BEB-98F3-B2A803B91AFF}
		{39EAFC01-E572-400C-AE54-190B153352AF} = {DE8D459E-2AB3-425C-A389-DD0DC94AABAF}
		{0BE73952-C4F2-422E-8E2F-C4F7546BC931} = {DE8D459E-2AB3-425C-A389-DD0DC94AABAF}
		{67FFA5A3-33D1-4548-9DD5-D43E23B0D4B8} = {DE8D459E-2AB3-425C-A389-DD0DC94AABAF}
		{FB8C55B5-9A60-4F29-9076-1F2331281906} = {C10BAB0F-DFD9-4EA5-A9FE-5A0EB26E32BC}
		{E04575C6-125A-4C86-923A-FCD8C2D2219C} = {FB8C55B5-9A60-4F29-9076-1F2331281906}
		{208A7AF2-FB69-4E57-8636-22FE11FE1CB4} = {FB8C55B5-9A60-4F29-9076-1F2331281906}
		{2AA9AFF2-879D-45E3-9B19-9530EE23B11A} = {B829FAE5-2E2A-4917-A3F6-DB79760F25C9}
		{B4D59B6F-E9BE-411A-8678-A29BD90CCF9A} = {2AA9AFF2-879D-45E3-9B19-9530EE23B11A}
		{0455991B-B9B0-4102-944A-9AC619BDAAB6} = {2AA9AFF2-879D-45E3-9B19-9530EE23B11A}
		{ADEA6C00-1911-467B-958D-0D5A4996D2AC} = {8974F9EE-C890-4811-A548-A7DEB4D42647}
	EndGlobalSection
EndGlobal
